// !$*UTF8*$!
{
	archiveVersion = 1;
	classes = {
	};
	objectVersion = 46;
	objects = {

/* Begin PBXBuildFile section */
		564CAA8F84DF784FAD063938 /* Pods_TravelAppUITests.framework in Frameworks */ = {isa = PBXBuildFile; fileRef = E3FB5D723B4B0B2413325BD7 /* Pods_TravelAppUITests.framework */; };
		7803CFE61E351384006C4373 /* Trip.swift in Sources */ = {isa = PBXBuildFile; fileRef = 7803CFE51E351384006C4373 /* Trip.swift */; };
		7803CFE91E351979006C4373 /* TripCell.swift in Sources */ = {isa = PBXBuildFile; fileRef = 7803CFE81E351979006C4373 /* TripCell.swift */; };
		7810335D1E3B89B2008CB615 /* TripService.swift in Sources */ = {isa = PBXBuildFile; fileRef = 7810335C1E3B89B2008CB615 /* TripService.swift */; };
		7813D0871E3D295700FB960C /* RxCocoa.framework in Frameworks */ = {isa = PBXBuildFile; fileRef = 7813D0861E3D295700FB960C /* RxCocoa.framework */; };
		7813D0891E3D295B00FB960C /* RxSwift.framework in Frameworks */ = {isa = PBXBuildFile; fileRef = 7813D0881E3D295B00FB960C /* RxSwift.framework */; };
		782124B21E375C7A00DF0161 /* CreateTripController.swift in Sources */ = {isa = PBXBuildFile; fileRef = 782124B11E375C7A00DF0161 /* CreateTripController.swift */; };
		782221141E3CCDDF0051D4D5 /* User.swift in Sources */ = {isa = PBXBuildFile; fileRef = 782221131E3CCDDF0051D4D5 /* User.swift */; };
		7848075B1E3BA2A500C01FC5 /* AuthService.swift in Sources */ = {isa = PBXBuildFile; fileRef = 7848075A1E3BA2A500C01FC5 /* AuthService.swift */; };
		784A02161E3E1B0500080898 /* TrendingCell.swift in Sources */ = {isa = PBXBuildFile; fileRef = 784A02151E3E1B0500080898 /* TrendingCell.swift */; };
		784A02181E3E368C00080898 /* City.swift in Sources */ = {isa = PBXBuildFile; fileRef = 784A02171E3E368C00080898 /* City.swift */; };
		784A021A1E3E369D00080898 /* Place.swift in Sources */ = {isa = PBXBuildFile; fileRef = 784A02191E3E369D00080898 /* Place.swift */; };
		784A021C1E3E36AD00080898 /* Picture.swift in Sources */ = {isa = PBXBuildFile; fileRef = 784A021B1E3E36AD00080898 /* Picture.swift */; };
		786C18761E365A9700087D9C /* SettingsLauncher.swift in Sources */ = {isa = PBXBuildFile; fileRef = 786C18751E365A9700087D9C /* SettingsLauncher.swift */; };
		78702C241E3E08BD00A1FF9E /* FeedCell.swift in Sources */ = {isa = PBXBuildFile; fileRef = 78702C231E3E08BD00A1FF9E /* FeedCell.swift */; };
		7891F56A1E3B16B700F895CE /* MenuBar.swift in Sources */ = {isa = PBXBuildFile; fileRef = 7891F5691E3B16B700F895CE /* MenuBar.swift */; };
		78CAB94C1E33B39A0087F530 /* AppDelegate.swift in Sources */ = {isa = PBXBuildFile; fileRef = 78CAB94B1E33B39A0087F530 /* AppDelegate.swift */; };
		78CAB94E1E33B39A0087F530 /* HomeController.swift in Sources */ = {isa = PBXBuildFile; fileRef = 78CAB94D1E33B39A0087F530 /* HomeController.swift */; };
		78CAB9511E33B39A0087F530 /* Main.storyboard in Resources */ = {isa = PBXBuildFile; fileRef = 78CAB94F1E33B39A0087F530 /* Main.storyboard */; };
		78CAB9531E33B39A0087F530 /* Assets.xcassets in Resources */ = {isa = PBXBuildFile; fileRef = 78CAB9521E33B39A0087F530 /* Assets.xcassets */; };
		78CAB9561E33B39A0087F530 /* LaunchScreen.storyboard in Resources */ = {isa = PBXBuildFile; fileRef = 78CAB9541E33B39A0087F530 /* LaunchScreen.storyboard */; };
		78CAB9611E33B39B0087F530 /* TravelAppTests.swift in Sources */ = {isa = PBXBuildFile; fileRef = 78CAB9601E33B39B0087F530 /* TravelAppTests.swift */; };
		78CAB96C1E33B39B0087F530 /* TravelAppUITests.swift in Sources */ = {isa = PBXBuildFile; fileRef = 78CAB96B1E33B39B0087F530 /* TravelAppUITests.swift */; };
		78CAB97B1E33B62A0087F530 /* LoginController.swift in Sources */ = {isa = PBXBuildFile; fileRef = 78CAB97A1E33B62A0087F530 /* LoginController.swift */; };
		78CAB97E1E33B6E20087F530 /* Extensions.swift in Sources */ = {isa = PBXBuildFile; fileRef = 78CAB97D1E33B6E20087F530 /* Extensions.swift */; };
		78CCEA3D1E34DC8300CEA82C /* SharedData.swift in Sources */ = {isa = PBXBuildFile; fileRef = 78CCEA3C1E34DC8300CEA82C /* SharedData.swift */; };
		78F079581E366AEC00BA8C4D /* SettingCell.swift in Sources */ = {isa = PBXBuildFile; fileRef = 78F079571E366AEC00BA8C4D /* SettingCell.swift */; };
		78F0795A1E366B4100BA8C4D /* BaseCell.swift in Sources */ = {isa = PBXBuildFile; fileRef = 78F079591E366B4100BA8C4D /* BaseCell.swift */; };
		78F0795C1E36742400BA8C4D /* Setting.swift in Sources */ = {isa = PBXBuildFile; fileRef = 78F0795B1E36742400BA8C4D /* Setting.swift */; };
		85E49A2B2F82B9CFFBFDED0E /* Pods_TravelApp.framework in Frameworks */ = {isa = PBXBuildFile; fileRef = E6BC1A7BA229A0C84477C713 /* Pods_TravelApp.framework */; };
		C872CCCA74F945B8C43595C1 /* Pods_TravelAppTests.framework in Frameworks */ = {isa = PBXBuildFile; fileRef = C30A16FD43D6C973DF44F884 /* Pods_TravelAppTests.framework */; };
/* End PBXBuildFile section */

/* Begin PBXContainerItemProxy section */
		78CAB95D1E33B39B0087F530 /* PBXContainerItemProxy */ = {
			isa = PBXContainerItemProxy;
			containerPortal = 78CAB9401E33B39A0087F530 /* Project object */;
			proxyType = 1;
			remoteGlobalIDString = 78CAB9471E33B39A0087F530;
			remoteInfo = TravelApp;
		};
		78CAB9681E33B39B0087F530 /* PBXContainerItemProxy */ = {
			isa = PBXContainerItemProxy;
			containerPortal = 78CAB9401E33B39A0087F530 /* Project object */;
			proxyType = 1;
			remoteGlobalIDString = 78CAB9471E33B39A0087F530;
			remoteInfo = TravelApp;
		};
/* End PBXContainerItemProxy section */

/* Begin PBXFileReference section */
		1B80C3AE76B258906C321694 /* Pods-TravelAppUITests.debug.xcconfig */ = {isa = PBXFileReference; includeInIndex = 1; lastKnownFileType = text.xcconfig; name = "Pods-TravelAppUITests.debug.xcconfig"; path = "Pods/Target Support Files/Pods-TravelAppUITests/Pods-TravelAppUITests.debug.xcconfig"; sourceTree = "<group>"; };
		302A85DBEE73E8ECF1F58131 /* Pods-TravelApp.debug.xcconfig */ = {isa = PBXFileReference; includeInIndex = 1; lastKnownFileType = text.xcconfig; name = "Pods-TravelApp.debug.xcconfig"; path = "Pods/Target Support Files/Pods-TravelApp/Pods-TravelApp.debug.xcconfig"; sourceTree = "<group>"; };
		31D35C0121E4AF735AA6A642 /* Pods-TravelAppUITests.release.xcconfig */ = {isa = PBXFileReference; includeInIndex = 1; lastKnownFileType = text.xcconfig; name = "Pods-TravelAppUITests.release.xcconfig"; path = "Pods/Target Support Files/Pods-TravelAppUITests/Pods-TravelAppUITests.release.xcconfig"; sourceTree = "<group>"; };
		7803CFE51E351384006C4373 /* Trip.swift */ = {isa = PBXFileReference; fileEncoding = 4; lastKnownFileType = sourcecode.swift; path = Trip.swift; sourceTree = "<group>"; };
		7803CFE81E351979006C4373 /* TripCell.swift */ = {isa = PBXFileReference; fileEncoding = 4; lastKnownFileType = sourcecode.swift; path = TripCell.swift; sourceTree = "<group>"; };
		7810335C1E3B89B2008CB615 /* TripService.swift */ = {isa = PBXFileReference; fileEncoding = 4; lastKnownFileType = sourcecode.swift; path = TripService.swift; sourceTree = "<group>"; };
		7813D0861E3D295700FB960C /* RxCocoa.framework */ = {isa = PBXFileReference; lastKnownFileType = wrapper.framework; name = RxCocoa.framework; path = "../../../../Library/Developer/Xcode/DerivedData/TravelApp-datguvlsjcpgkbdbaefqmrmfvncy/Build/Products/Debug-iphonesimulator/RxCocoa/RxCocoa.framework"; sourceTree = "<group>"; };
		7813D0881E3D295B00FB960C /* RxSwift.framework */ = {isa = PBXFileReference; lastKnownFileType = wrapper.framework; name = RxSwift.framework; path = "../../../../Library/Developer/Xcode/DerivedData/TravelApp-datguvlsjcpgkbdbaefqmrmfvncy/Build/Products/Debug-iphonesimulator/RxSwift/RxSwift.framework"; sourceTree = "<group>"; };
		782124B11E375C7A00DF0161 /* CreateTripController.swift */ = {isa = PBXFileReference; fileEncoding = 4; lastKnownFileType = sourcecode.swift; path = CreateTripController.swift; sourceTree = "<group>"; };
		782221131E3CCDDF0051D4D5 /* User.swift */ = {isa = PBXFileReference; fileEncoding = 4; lastKnownFileType = sourcecode.swift; path = User.swift; sourceTree = "<group>"; };
		7848075A1E3BA2A500C01FC5 /* AuthService.swift */ = {isa = PBXFileReference; fileEncoding = 4; lastKnownFileType = sourcecode.swift; path = AuthService.swift; sourceTree = "<group>"; };
		784A02151E3E1B0500080898 /* TrendingCell.swift */ = {isa = PBXFileReference; fileEncoding = 4; lastKnownFileType = sourcecode.swift; path = TrendingCell.swift; sourceTree = "<group>"; };
		784A02171E3E368C00080898 /* City.swift */ = {isa = PBXFileReference; fileEncoding = 4; lastKnownFileType = sourcecode.swift; path = City.swift; sourceTree = "<group>"; };
		784A02191E3E369D00080898 /* Place.swift */ = {isa = PBXFileReference; fileEncoding = 4; lastKnownFileType = sourcecode.swift; path = Place.swift; sourceTree = "<group>"; };
		784A021B1E3E36AD00080898 /* Picture.swift */ = {isa = PBXFileReference; fileEncoding = 4; lastKnownFileType = sourcecode.swift; path = Picture.swift; sourceTree = "<group>"; };
		786C18751E365A9700087D9C /* SettingsLauncher.swift */ = {isa = PBXFileReference; fileEncoding = 4; lastKnownFileType = sourcecode.swift; path = SettingsLauncher.swift; sourceTree = "<group>"; };
		78702C231E3E08BD00A1FF9E /* FeedCell.swift */ = {isa = PBXFileReference; fileEncoding = 4; lastKnownFileType = sourcecode.swift; path = FeedCell.swift; sourceTree = "<group>"; };
		7891F5691E3B16B700F895CE /* MenuBar.swift */ = {isa = PBXFileReference; fileEncoding = 4; lastKnownFileType = sourcecode.swift; path = MenuBar.swift; sourceTree = "<group>"; };
		78CAB9481E33B39A0087F530 /* TravelApp.app */ = {isa = PBXFileReference; explicitFileType = wrapper.application; includeInIndex = 0; path = TravelApp.app; sourceTree = BUILT_PRODUCTS_DIR; };
		78CAB94B1E33B39A0087F530 /* AppDelegate.swift */ = {isa = PBXFileReference; lastKnownFileType = sourcecode.swift; path = AppDelegate.swift; sourceTree = "<group>"; };
		78CAB94D1E33B39A0087F530 /* HomeController.swift */ = {isa = PBXFileReference; lastKnownFileType = sourcecode.swift; path = HomeController.swift; sourceTree = "<group>"; };
		78CAB9501E33B39A0087F530 /* Base */ = {isa = PBXFileReference; lastKnownFileType = file.storyboard; name = Base; path = Base.lproj/Main.storyboard; sourceTree = "<group>"; };
		78CAB9521E33B39A0087F530 /* Assets.xcassets */ = {isa = PBXFileReference; lastKnownFileType = folder.assetcatalog; path = Assets.xcassets; sourceTree = "<group>"; };
		78CAB9551E33B39A0087F530 /* Base */ = {isa = PBXFileReference; lastKnownFileType = file.storyboard; name = Base; path = Base.lproj/LaunchScreen.storyboard; sourceTree = "<group>"; };
		78CAB9571E33B39A0087F530 /* Info.plist */ = {isa = PBXFileReference; lastKnownFileType = text.plist.xml; path = Info.plist; sourceTree = "<group>"; };
		78CAB95C1E33B39B0087F530 /* TravelAppTests.xctest */ = {isa = PBXFileReference; explicitFileType = wrapper.cfbundle; includeInIndex = 0; path = TravelAppTests.xctest; sourceTree = BUILT_PRODUCTS_DIR; };
		78CAB9601E33B39B0087F530 /* TravelAppTests.swift */ = {isa = PBXFileReference; lastKnownFileType = sourcecode.swift; path = TravelAppTests.swift; sourceTree = "<group>"; };
		78CAB9621E33B39B0087F530 /* Info.plist */ = {isa = PBXFileReference; lastKnownFileType = text.plist.xml; path = Info.plist; sourceTree = "<group>"; };
		78CAB9671E33B39B0087F530 /* TravelAppUITests.xctest */ = {isa = PBXFileReference; explicitFileType = wrapper.cfbundle; includeInIndex = 0; path = TravelAppUITests.xctest; sourceTree = BUILT_PRODUCTS_DIR; };
		78CAB96B1E33B39B0087F530 /* TravelAppUITests.swift */ = {isa = PBXFileReference; lastKnownFileType = sourcecode.swift; path = TravelAppUITests.swift; sourceTree = "<group>"; };
		78CAB96D1E33B39B0087F530 /* Info.plist */ = {isa = PBXFileReference; lastKnownFileType = text.plist.xml; path = Info.plist; sourceTree = "<group>"; };
		78CAB97A1E33B62A0087F530 /* LoginController.swift */ = {isa = PBXFileReference; fileEncoding = 4; lastKnownFileType = sourcecode.swift; path = LoginController.swift; sourceTree = "<group>"; };
		78CAB97D1E33B6E20087F530 /* Extensions.swift */ = {isa = PBXFileReference; fileEncoding = 4; lastKnownFileType = sourcecode.swift; path = Extensions.swift; sourceTree = "<group>"; };
		78CCEA3C1E34DC8300CEA82C /* SharedData.swift */ = {isa = PBXFileReference; fileEncoding = 4; lastKnownFileType = sourcecode.swift; path = SharedData.swift; sourceTree = "<group>"; };
		78F079571E366AEC00BA8C4D /* SettingCell.swift */ = {isa = PBXFileReference; fileEncoding = 4; lastKnownFileType = sourcecode.swift; path = SettingCell.swift; sourceTree = "<group>"; };
		78F079591E366B4100BA8C4D /* BaseCell.swift */ = {isa = PBXFileReference; fileEncoding = 4; lastKnownFileType = sourcecode.swift; path = BaseCell.swift; sourceTree = "<group>"; };
		78F0795B1E36742400BA8C4D /* Setting.swift */ = {isa = PBXFileReference; fileEncoding = 4; lastKnownFileType = sourcecode.swift; path = Setting.swift; sourceTree = "<group>"; };
		90C2D25E7B38CBE630322CB8 /* Pods-TravelAppTests.release.xcconfig */ = {isa = PBXFileReference; includeInIndex = 1; lastKnownFileType = text.xcconfig; name = "Pods-TravelAppTests.release.xcconfig"; path = "Pods/Target Support Files/Pods-TravelAppTests/Pods-TravelAppTests.release.xcconfig"; sourceTree = "<group>"; };
		BE1D77A28EE3CC48998822AC /* Pods-TravelAppTests.debug.xcconfig */ = {isa = PBXFileReference; includeInIndex = 1; lastKnownFileType = text.xcconfig; name = "Pods-TravelAppTests.debug.xcconfig"; path = "Pods/Target Support Files/Pods-TravelAppTests/Pods-TravelAppTests.debug.xcconfig"; sourceTree = "<group>"; };
		C30A16FD43D6C973DF44F884 /* Pods_TravelAppTests.framework */ = {isa = PBXFileReference; explicitFileType = wrapper.framework; includeInIndex = 0; path = Pods_TravelAppTests.framework; sourceTree = BUILT_PRODUCTS_DIR; };
		E3FB5D723B4B0B2413325BD7 /* Pods_TravelAppUITests.framework */ = {isa = PBXFileReference; explicitFileType = wrapper.framework; includeInIndex = 0; path = Pods_TravelAppUITests.framework; sourceTree = BUILT_PRODUCTS_DIR; };
		E6BC1A7BA229A0C84477C713 /* Pods_TravelApp.framework */ = {isa = PBXFileReference; explicitFileType = wrapper.framework; includeInIndex = 0; path = Pods_TravelApp.framework; sourceTree = BUILT_PRODUCTS_DIR; };
		FCCABEDC220368A6B7E6FBB9 /* Pods-TravelApp.release.xcconfig */ = {isa = PBXFileReference; includeInIndex = 1; lastKnownFileType = text.xcconfig; name = "Pods-TravelApp.release.xcconfig"; path = "Pods/Target Support Files/Pods-TravelApp/Pods-TravelApp.release.xcconfig"; sourceTree = "<group>"; };
/* End PBXFileReference section */

/* Begin PBXFrameworksBuildPhase section */
		78CAB9451E33B39A0087F530 /* Frameworks */ = {
			isa = PBXFrameworksBuildPhase;
			buildActionMask = 2147483647;
			files = (
				7813D0891E3D295B00FB960C /* RxSwift.framework in Frameworks */,
				7813D0871E3D295700FB960C /* RxCocoa.framework in Frameworks */,
				85E49A2B2F82B9CFFBFDED0E /* Pods_TravelApp.framework in Frameworks */,
			);
			runOnlyForDeploymentPostprocessing = 0;
		};
		78CAB9591E33B39B0087F530 /* Frameworks */ = {
			isa = PBXFrameworksBuildPhase;
			buildActionMask = 2147483647;
			files = (
				C872CCCA74F945B8C43595C1 /* Pods_TravelAppTests.framework in Frameworks */,
			);
			runOnlyForDeploymentPostprocessing = 0;
		};
		78CAB9641E33B39B0087F530 /* Frameworks */ = {
			isa = PBXFrameworksBuildPhase;
			buildActionMask = 2147483647;
			files = (
				564CAA8F84DF784FAD063938 /* Pods_TravelAppUITests.framework in Frameworks */,
			);
			runOnlyForDeploymentPostprocessing = 0;
		};
/* End PBXFrameworksBuildPhase section */

/* Begin PBXGroup section */
		495096EE2EC46F878AF1D9D1 /* Pods */ = {
			isa = PBXGroup;
			children = (
				302A85DBEE73E8ECF1F58131 /* Pods-TravelApp.debug.xcconfig */,
				FCCABEDC220368A6B7E6FBB9 /* Pods-TravelApp.release.xcconfig */,
				BE1D77A28EE3CC48998822AC /* Pods-TravelAppTests.debug.xcconfig */,
				90C2D25E7B38CBE630322CB8 /* Pods-TravelAppTests.release.xcconfig */,
				1B80C3AE76B258906C321694 /* Pods-TravelAppUITests.debug.xcconfig */,
				31D35C0121E4AF735AA6A642 /* Pods-TravelAppUITests.release.xcconfig */,
			);
			name = Pods;
			sourceTree = "<group>";
		};
		7803CFE71E35194C006C4373 /* View */ = {
			isa = PBXGroup;
			children = (
				786C18751E365A9700087D9C /* SettingsLauncher.swift */,
				7803CFE81E351979006C4373 /* TripCell.swift */,
				78F079571E366AEC00BA8C4D /* SettingCell.swift */,
				78F079591E366B4100BA8C4D /* BaseCell.swift */,
				7891F5691E3B16B700F895CE /* MenuBar.swift */,
				78702C231E3E08BD00A1FF9E /* FeedCell.swift */,
				784A02151E3E1B0500080898 /* TrendingCell.swift */,
			);
			name = View;
			sourceTree = "<group>";
		};
		781033591E3B8925008CB615 /* Service */ = {
			isa = PBXGroup;
			children = (
				7810335C1E3B89B2008CB615 /* TripService.swift */,
				7848075A1E3BA2A500C01FC5 /* AuthService.swift */,
			);
			name = Service;
			sourceTree = "<group>";
		};
		78CAB93F1E33B39A0087F530 = {
			isa = PBXGroup;
			children = (
				78CAB94A1E33B39A0087F530 /* TravelApp */,
				78CAB95F1E33B39B0087F530 /* TravelAppTests */,
				78CAB96A1E33B39B0087F530 /* TravelAppUITests */,
				78CAB9491E33B39A0087F530 /* Products */,
				495096EE2EC46F878AF1D9D1 /* Pods */,
				D000F81145003D2320AE0026 /* Frameworks */,
			);
			sourceTree = "<group>";
		};
		78CAB9491E33B39A0087F530 /* Products */ = {
			isa = PBXGroup;
			children = (
				78CAB9481E33B39A0087F530 /* TravelApp.app */,
				78CAB95C1E33B39B0087F530 /* TravelAppTests.xctest */,
				78CAB9671E33B39B0087F530 /* TravelAppUITests.xctest */,
			);
			name = Products;
			sourceTree = "<group>";
		};
		78CAB94A1E33B39A0087F530 /* TravelApp */ = {
			isa = PBXGroup;
			children = (
				781033591E3B8925008CB615 /* Service */,
				7803CFE71E35194C006C4373 /* View */,
				78CCEA341E34D35B00CEA82C /* Model */,
				78CAB97C1E33B66F0087F530 /* Helpers */,
				78CAB9791E33B5F00087F530 /* Controller */,
				78CAB94B1E33B39A0087F530 /* AppDelegate.swift */,
				78CAB94F1E33B39A0087F530 /* Main.storyboard */,
				78CAB9521E33B39A0087F530 /* Assets.xcassets */,
				78CAB9541E33B39A0087F530 /* LaunchScreen.storyboard */,
				78CAB9571E33B39A0087F530 /* Info.plist */,
			);
			path = TravelApp;
			sourceTree = "<group>";
		};
		78CAB95F1E33B39B0087F530 /* TravelAppTests */ = {
			isa = PBXGroup;
			children = (
				78CAB9601E33B39B0087F530 /* TravelAppTests.swift */,
				78CAB9621E33B39B0087F530 /* Info.plist */,
			);
			path = TravelAppTests;
			sourceTree = "<group>";
		};
		78CAB96A1E33B39B0087F530 /* TravelAppUITests */ = {
			isa = PBXGroup;
			children = (
				78CAB96B1E33B39B0087F530 /* TravelAppUITests.swift */,
				78CAB96D1E33B39B0087F530 /* Info.plist */,
			);
			path = TravelAppUITests;
			sourceTree = "<group>";
		};
		78CAB9791E33B5F00087F530 /* Controller */ = {
			isa = PBXGroup;
			children = (
				78CAB97A1E33B62A0087F530 /* LoginController.swift */,
				78CAB94D1E33B39A0087F530 /* HomeController.swift */,
				782124B11E375C7A00DF0161 /* CreateTripController.swift */,
			);
			name = Controller;
			sourceTree = "<group>";
		};
		78CAB97C1E33B66F0087F530 /* Helpers */ = {
			isa = PBXGroup;
			children = (
				78CAB97D1E33B6E20087F530 /* Extensions.swift */,
			);
			name = Helpers;
			sourceTree = "<group>";
		};
		78CCEA341E34D35B00CEA82C /* Model */ = {
			isa = PBXGroup;
			children = (
				782221131E3CCDDF0051D4D5 /* User.swift */,
				78CCEA3C1E34DC8300CEA82C /* SharedData.swift */,
				7803CFE51E351384006C4373 /* Trip.swift */,
				78F0795B1E36742400BA8C4D /* Setting.swift */,
				784A02171E3E368C00080898 /* City.swift */,
				784A02191E3E369D00080898 /* Place.swift */,
				784A021B1E3E36AD00080898 /* Picture.swift */,
			);
			name = Model;
			sourceTree = "<group>";
		};
		D000F81145003D2320AE0026 /* Frameworks */ = {
			isa = PBXGroup;
			children = (
				7813D0881E3D295B00FB960C /* RxSwift.framework */,
				7813D0861E3D295700FB960C /* RxCocoa.framework */,
				E6BC1A7BA229A0C84477C713 /* Pods_TravelApp.framework */,
				C30A16FD43D6C973DF44F884 /* Pods_TravelAppTests.framework */,
				E3FB5D723B4B0B2413325BD7 /* Pods_TravelAppUITests.framework */,
			);
			name = Frameworks;
			sourceTree = "<group>";
		};
/* End PBXGroup section */

/* Begin PBXNativeTarget section */
		78CAB9471E33B39A0087F530 /* TravelApp */ = {
			isa = PBXNativeTarget;
			buildConfigurationList = 78CAB9701E33B39B0087F530 /* Build configuration list for PBXNativeTarget "TravelApp" */;
			buildPhases = (
				7BB67BAB1A28C5070C0E6A15 /* [CP] Check Pods Manifest.lock */,
				78CAB9441E33B39A0087F530 /* Sources */,
				78CAB9451E33B39A0087F530 /* Frameworks */,
				78CAB9461E33B39A0087F530 /* Resources */,
				E0E74A27FC7FE6F8A4D362F7 /* [CP] Embed Pods Frameworks */,
				D2F3AA3CA3EDAD38FEE0E8FC /* [CP] Copy Pods Resources */,
			);
			buildRules = (
			);
			dependencies = (
			);
			name = TravelApp;
			productName = TravelApp;
			productReference = 78CAB9481E33B39A0087F530 /* TravelApp.app */;
			productType = "com.apple.product-type.application";
		};
		78CAB95B1E33B39B0087F530 /* TravelAppTests */ = {
			isa = PBXNativeTarget;
			buildConfigurationList = 78CAB9731E33B39B0087F530 /* Build configuration list for PBXNativeTarget "TravelAppTests" */;
			buildPhases = (
				0525C960E11DB72268E81850 /* [CP] Check Pods Manifest.lock */,
				78CAB9581E33B39B0087F530 /* Sources */,
				78CAB9591E33B39B0087F530 /* Frameworks */,
				78CAB95A1E33B39B0087F530 /* Resources */,
				F07DE5402EB3071843DFA158 /* [CP] Embed Pods Frameworks */,
				AC0CB38BC8DAE28A44CF7B85 /* [CP] Copy Pods Resources */,
			);
			buildRules = (
			);
			dependencies = (
				78CAB95E1E33B39B0087F530 /* PBXTargetDependency */,
			);
			name = TravelAppTests;
			productName = TravelAppTests;
			productReference = 78CAB95C1E33B39B0087F530 /* TravelAppTests.xctest */;
			productType = "com.apple.product-type.bundle.unit-test";
		};
		78CAB9661E33B39B0087F530 /* TravelAppUITests */ = {
			isa = PBXNativeTarget;
			buildConfigurationList = 78CAB9761E33B39B0087F530 /* Build configuration list for PBXNativeTarget "TravelAppUITests" */;
			buildPhases = (
				B497124ECF060A2E386BECEF /* [CP] Check Pods Manifest.lock */,
				78CAB9631E33B39B0087F530 /* Sources */,
				78CAB9641E33B39B0087F530 /* Frameworks */,
				78CAB9651E33B39B0087F530 /* Resources */,
				B515226E0133A88F066247BA /* [CP] Embed Pods Frameworks */,
				A993D5499939073697263170 /* [CP] Copy Pods Resources */,
			);
			buildRules = (
			);
			dependencies = (
				78CAB9691E33B39B0087F530 /* PBXTargetDependency */,
			);
			name = TravelAppUITests;
			productName = TravelAppUITests;
			productReference = 78CAB9671E33B39B0087F530 /* TravelAppUITests.xctest */;
			productType = "com.apple.product-type.bundle.ui-testing";
		};
/* End PBXNativeTarget section */

/* Begin PBXProject section */
		78CAB9401E33B39A0087F530 /* Project object */ = {
			isa = PBXProject;
			attributes = {
				LastSwiftUpdateCheck = 0820;
				LastUpgradeCheck = 0820;
				ORGANIZATIONNAME = "Pankaj Rawat";
				TargetAttributes = {
					78CAB9471E33B39A0087F530 = {
						CreatedOnToolsVersion = 8.2.1;
						DevelopmentTeam = QQ7G2P38XY;
						ProvisioningStyle = Automatic;
					};
					78CAB95B1E33B39B0087F530 = {
						CreatedOnToolsVersion = 8.2.1;
						ProvisioningStyle = Automatic;
						TestTargetID = 78CAB9471E33B39A0087F530;
					};
					78CAB9661E33B39B0087F530 = {
						CreatedOnToolsVersion = 8.2.1;
						ProvisioningStyle = Automatic;
						TestTargetID = 78CAB9471E33B39A0087F530;
					};
				};
			};
			buildConfigurationList = 78CAB9431E33B39A0087F530 /* Build configuration list for PBXProject "TravelApp" */;
			compatibilityVersion = "Xcode 3.2";
			developmentRegion = English;
			hasScannedForEncodings = 0;
			knownRegions = (
				en,
				Base,
			);
			mainGroup = 78CAB93F1E33B39A0087F530;
			productRefGroup = 78CAB9491E33B39A0087F530 /* Products */;
			projectDirPath = "";
			projectRoot = "";
			targets = (
				78CAB9471E33B39A0087F530 /* TravelApp */,
				78CAB95B1E33B39B0087F530 /* TravelAppTests */,
				78CAB9661E33B39B0087F530 /* TravelAppUITests */,
			);
		};
/* End PBXProject section */

/* Begin PBXResourcesBuildPhase section */
		78CAB9461E33B39A0087F530 /* Resources */ = {
			isa = PBXResourcesBuildPhase;
			buildActionMask = 2147483647;
			files = (
				78CAB9561E33B39A0087F530 /* LaunchScreen.storyboard in Resources */,
				78CAB9531E33B39A0087F530 /* Assets.xcassets in Resources */,
				78CAB9511E33B39A0087F530 /* Main.storyboard in Resources */,
			);
			runOnlyForDeploymentPostprocessing = 0;
		};
		78CAB95A1E33B39B0087F530 /* Resources */ = {
			isa = PBXResourcesBuildPhase;
			buildActionMask = 2147483647;
			files = (
			);
			runOnlyForDeploymentPostprocessing = 0;
		};
		78CAB9651E33B39B0087F530 /* Resources */ = {
			isa = PBXResourcesBuildPhase;
			buildActionMask = 2147483647;
			files = (
			);
			runOnlyForDeploymentPostprocessing = 0;
		};
/* End PBXResourcesBuildPhase section */

/* Begin PBXShellScriptBuildPhase section */
		0525C960E11DB72268E81850 /* [CP] Check Pods Manifest.lock */ = {
			isa = PBXShellScriptBuildPhase;
			buildActionMask = 2147483647;
			files = (
			);
			inputPaths = (
			);
			name = "[CP] Check Pods Manifest.lock";
			outputPaths = (
			);
			runOnlyForDeploymentPostprocessing = 0;
			shellPath = /bin/sh;
			shellScript = "diff \"${PODS_ROOT}/../Podfile.lock\" \"${PODS_ROOT}/Manifest.lock\" > /dev/null\nif [ $? != 0 ] ; then\n    # print error to STDERR\n    echo \"error: The sandbox is not in sync with the Podfile.lock. Run 'pod install' or update your CocoaPods installation.\" >&2\n    exit 1\nfi\n";
			showEnvVarsInLog = 0;
		};
		7BB67BAB1A28C5070C0E6A15 /* [CP] Check Pods Manifest.lock */ = {
			isa = PBXShellScriptBuildPhase;
			buildActionMask = 2147483647;
			files = (
			);
			inputPaths = (
			);
			name = "[CP] Check Pods Manifest.lock";
			outputPaths = (
			);
			runOnlyForDeploymentPostprocessing = 0;
			shellPath = /bin/sh;
			shellScript = "diff \"${PODS_ROOT}/../Podfile.lock\" \"${PODS_ROOT}/Manifest.lock\" > /dev/null\nif [ $? != 0 ] ; then\n    # print error to STDERR\n    echo \"error: The sandbox is not in sync with the Podfile.lock. Run 'pod install' or update your CocoaPods installation.\" >&2\n    exit 1\nfi\n";
			showEnvVarsInLog = 0;
		};
		A993D5499939073697263170 /* [CP] Copy Pods Resources */ = {
			isa = PBXShellScriptBuildPhase;
			buildActionMask = 2147483647;
			files = (
			);
			inputPaths = (
			);
			name = "[CP] Copy Pods Resources";
			outputPaths = (
			);
			runOnlyForDeploymentPostprocessing = 0;
			shellPath = /bin/sh;
			shellScript = "\"${SRCROOT}/Pods/Target Support Files/Pods-TravelAppUITests/Pods-TravelAppUITests-resources.sh\"\n";
			showEnvVarsInLog = 0;
		};
		AC0CB38BC8DAE28A44CF7B85 /* [CP] Copy Pods Resources */ = {
			isa = PBXShellScriptBuildPhase;
			buildActionMask = 2147483647;
			files = (
			);
			inputPaths = (
			);
			name = "[CP] Copy Pods Resources";
			outputPaths = (
			);
			runOnlyForDeploymentPostprocessing = 0;
			shellPath = /bin/sh;
			shellScript = "\"${SRCROOT}/Pods/Target Support Files/Pods-TravelAppTests/Pods-TravelAppTests-resources.sh\"\n";
			showEnvVarsInLog = 0;
		};
		B497124ECF060A2E386BECEF /* [CP] Check Pods Manifest.lock */ = {
			isa = PBXShellScriptBuildPhase;
			buildActionMask = 2147483647;
			files = (
			);
			inputPaths = (
			);
			name = "[CP] Check Pods Manifest.lock";
			outputPaths = (
			);
			runOnlyForDeploymentPostprocessing = 0;
			shellPath = /bin/sh;
			shellScript = "diff \"${PODS_ROOT}/../Podfile.lock\" \"${PODS_ROOT}/Manifest.lock\" > /dev/null\nif [ $? != 0 ] ; then\n    # print error to STDERR\n    echo \"error: The sandbox is not in sync with the Podfile.lock. Run 'pod install' or update your CocoaPods installation.\" >&2\n    exit 1\nfi\n";
			showEnvVarsInLog = 0;
		};
		B515226E0133A88F066247BA /* [CP] Embed Pods Frameworks */ = {
			isa = PBXShellScriptBuildPhase;
			buildActionMask = 2147483647;
			files = (
			);
			inputPaths = (
			);
			name = "[CP] Embed Pods Frameworks";
			outputPaths = (
			);
			runOnlyForDeploymentPostprocessing = 0;
			shellPath = /bin/sh;
			shellScript = "\"${SRCROOT}/Pods/Target Support Files/Pods-TravelAppUITests/Pods-TravelAppUITests-frameworks.sh\"\n";
			showEnvVarsInLog = 0;
		};
		D2F3AA3CA3EDAD38FEE0E8FC /* [CP] Copy Pods Resources */ = {
			isa = PBXShellScriptBuildPhase;
			buildActionMask = 2147483647;
			files = (
			);
			inputPaths = (
			);
			name = "[CP] Copy Pods Resources";
			outputPaths = (
			);
			runOnlyForDeploymentPostprocessing = 0;
			shellPath = /bin/sh;
			shellScript = "\"${SRCROOT}/Pods/Target Support Files/Pods-TravelApp/Pods-TravelApp-resources.sh\"\n";
			showEnvVarsInLog = 0;
		};
		E0E74A27FC7FE6F8A4D362F7 /* [CP] Embed Pods Frameworks */ = {
			isa = PBXShellScriptBuildPhase;
			buildActionMask = 2147483647;
			files = (
			);
			inputPaths = (
			);
			name = "[CP] Embed Pods Frameworks";
			outputPaths = (
			);
			runOnlyForDeploymentPostprocessing = 0;
			shellPath = /bin/sh;
			shellScript = "\"${SRCROOT}/Pods/Target Support Files/Pods-TravelApp/Pods-TravelApp-frameworks.sh\"\n";
			showEnvVarsInLog = 0;
		};
		F07DE5402EB3071843DFA158 /* [CP] Embed Pods Frameworks */ = {
			isa = PBXShellScriptBuildPhase;
			buildActionMask = 2147483647;
			files = (
			);
			inputPaths = (
			);
			name = "[CP] Embed Pods Frameworks";
			outputPaths = (
			);
			runOnlyForDeploymentPostprocessing = 0;
			shellPath = /bin/sh;
			shellScript = "\"${SRCROOT}/Pods/Target Support Files/Pods-TravelAppTests/Pods-TravelAppTests-frameworks.sh\"\n";
			showEnvVarsInLog = 0;
		};
/* End PBXShellScriptBuildPhase section */

/* Begin PBXSourcesBuildPhase section */
		78CAB9441E33B39A0087F530 /* Sources */ = {
			isa = PBXSourcesBuildPhase;
			buildActionMask = 2147483647;
			files = (
				7803CFE61E351384006C4373 /* Trip.swift in Sources */,
				78CAB94E1E33B39A0087F530 /* HomeController.swift in Sources */,
				78702C241E3E08BD00A1FF9E /* FeedCell.swift in Sources */,
				78CCEA3D1E34DC8300CEA82C /* SharedData.swift in Sources */,
				78CAB97B1E33B62A0087F530 /* LoginController.swift in Sources */,
				782221141E3CCDDF0051D4D5 /* User.swift in Sources */,
				786C18761E365A9700087D9C /* SettingsLauncher.swift in Sources */,
				78CAB94C1E33B39A0087F530 /* AppDelegate.swift in Sources */,
				784A02161E3E1B0500080898 /* TrendingCell.swift in Sources */,
				782124B21E375C7A00DF0161 /* CreateTripController.swift in Sources */,
				78F0795C1E36742400BA8C4D /* Setting.swift in Sources */,
				78CAB97E1E33B6E20087F530 /* Extensions.swift in Sources */,
				7803CFE91E351979006C4373 /* TripCell.swift in Sources */,
				78F0795A1E366B4100BA8C4D /* BaseCell.swift in Sources */,
				7891F56A1E3B16B700F895CE /* MenuBar.swift in Sources */,
				7848075B1E3BA2A500C01FC5 /* AuthService.swift in Sources */,
				7810335D1E3B89B2008CB615 /* TripService.swift in Sources */,
				784A02181E3E368C00080898 /* City.swift in Sources */,
				784A021C1E3E36AD00080898 /* Picture.swift in Sources */,
				78F079581E366AEC00BA8C4D /* SettingCell.swift in Sources */,
				784A021A1E3E369D00080898 /* Place.swift in Sources */,
			);
			runOnlyForDeploymentPostprocessing = 0;
		};
		78CAB9581E33B39B0087F530 /* Sources */ = {
			isa = PBXSourcesBuildPhase;
			buildActionMask = 2147483647;
			files = (
				78CAB9611E33B39B0087F530 /* TravelAppTests.swift in Sources */,
			);
			runOnlyForDeploymentPostprocessing = 0;
		};
		78CAB9631E33B39B0087F530 /* Sources */ = {
			isa = PBXSourcesBuildPhase;
			buildActionMask = 2147483647;
			files = (
				78CAB96C1E33B39B0087F530 /* TravelAppUITests.swift in Sources */,
			);
			runOnlyForDeploymentPostprocessing = 0;
		};
/* End PBXSourcesBuildPhase section */

/* Begin PBXTargetDependency section */
		78CAB95E1E33B39B0087F530 /* PBXTargetDependency */ = {
			isa = PBXTargetDependency;
			target = 78CAB9471E33B39A0087F530 /* TravelApp */;
			targetProxy = 78CAB95D1E33B39B0087F530 /* PBXContainerItemProxy */;
		};
		78CAB9691E33B39B0087F530 /* PBXTargetDependency */ = {
			isa = PBXTargetDependency;
			target = 78CAB9471E33B39A0087F530 /* TravelApp */;
			targetProxy = 78CAB9681E33B39B0087F530 /* PBXContainerItemProxy */;
		};
/* End PBXTargetDependency section */

/* Begin PBXVariantGroup section */
		78CAB94F1E33B39A0087F530 /* Main.storyboard */ = {
			isa = PBXVariantGroup;
			children = (
				78CAB9501E33B39A0087F530 /* Base */,
			);
			name = Main.storyboard;
			sourceTree = "<group>";
		};
		78CAB9541E33B39A0087F530 /* LaunchScreen.storyboard */ = {
			isa = PBXVariantGroup;
			children = (
				78CAB9551E33B39A0087F530 /* Base */,
			);
			name = LaunchScreen.storyboard;
			sourceTree = "<group>";
		};
/* End PBXVariantGroup section */

/* Begin XCBuildConfiguration section */
		78CAB96E1E33B39B0087F530 /* Debug */ = {
			isa = XCBuildConfiguration;
			buildSettings = {
				ALWAYS_SEARCH_USER_PATHS = NO;
				CLANG_ANALYZER_NONNULL = YES;
				CLANG_CXX_LANGUAGE_STANDARD = "gnu++0x";
				CLANG_CXX_LIBRARY = "libc++";
				CLANG_ENABLE_MODULES = YES;
				CLANG_ENABLE_OBJC_ARC = YES;
				CLANG_WARN_BOOL_CONVERSION = YES;
				CLANG_WARN_CONSTANT_CONVERSION = YES;
				CLANG_WARN_DIRECT_OBJC_ISA_USAGE = YES_ERROR;
				CLANG_WARN_DOCUMENTATION_COMMENTS = YES;
				CLANG_WARN_EMPTY_BODY = YES;
				CLANG_WARN_ENUM_CONVERSION = YES;
				CLANG_WARN_INFINITE_RECURSION = YES;
				CLANG_WARN_INT_CONVERSION = YES;
				CLANG_WARN_OBJC_ROOT_CLASS = YES_ERROR;
				CLANG_WARN_SUSPICIOUS_MOVE = YES;
				CLANG_WARN_UNREACHABLE_CODE = YES;
				CLANG_WARN__DUPLICATE_METHOD_MATCH = YES;
				"CODE_SIGN_IDENTITY[sdk=iphoneos*]" = "iPhone Developer";
				COPY_PHASE_STRIP = NO;
				DEBUG_INFORMATION_FORMAT = dwarf;
				ENABLE_STRICT_OBJC_MSGSEND = YES;
				ENABLE_TESTABILITY = YES;
				GCC_C_LANGUAGE_STANDARD = gnu99;
				GCC_DYNAMIC_NO_PIC = NO;
				GCC_NO_COMMON_BLOCKS = YES;
				GCC_OPTIMIZATION_LEVEL = 0;
				GCC_PREPROCESSOR_DEFINITIONS = (
					"DEBUG=1",
					"$(inherited)",
				);
				GCC_WARN_64_TO_32_BIT_CONVERSION = YES;
				GCC_WARN_ABOUT_RETURN_TYPE = YES_ERROR;
				GCC_WARN_UNDECLARED_SELECTOR = YES;
				GCC_WARN_UNINITIALIZED_AUTOS = YES_AGGRESSIVE;
				GCC_WARN_UNUSED_FUNCTION = YES;
				GCC_WARN_UNUSED_VARIABLE = YES;
				IPHONEOS_DEPLOYMENT_TARGET = 10.2;
				MTL_ENABLE_DEBUG_INFO = YES;
				ONLY_ACTIVE_ARCH = YES;
				SDKROOT = iphoneos;
				SWIFT_ACTIVE_COMPILATION_CONDITIONS = DEBUG;
				SWIFT_OPTIMIZATION_LEVEL = "-Onone";
			};
			name = Debug;
		};
		78CAB96F1E33B39B0087F530 /* Release */ = {
			isa = XCBuildConfiguration;
			buildSettings = {
				ALWAYS_SEARCH_USER_PATHS = NO;
				CLANG_ANALYZER_NONNULL = YES;
				CLANG_CXX_LANGUAGE_STANDARD = "gnu++0x";
				CLANG_CXX_LIBRARY = "libc++";
				CLANG_ENABLE_MODULES = YES;
				CLANG_ENABLE_OBJC_ARC = YES;
				CLANG_WARN_BOOL_CONVERSION = YES;
				CLANG_WARN_CONSTANT_CONVERSION = YES;
				CLANG_WARN_DIRECT_OBJC_ISA_USAGE = YES_ERROR;
				CLANG_WARN_DOCUMENTATION_COMMENTS = YES;
				CLANG_WARN_EMPTY_BODY = YES;
				CLANG_WARN_ENUM_CONVERSION = YES;
				CLANG_WARN_INFINITE_RECURSION = YES;
				CLANG_WARN_INT_CONVERSION = YES;
				CLANG_WARN_OBJC_ROOT_CLASS = YES_ERROR;
				CLANG_WARN_SUSPICIOUS_MOVE = YES;
				CLANG_WARN_UNREACHABLE_CODE = YES;
				CLANG_WARN__DUPLICATE_METHOD_MATCH = YES;
				"CODE_SIGN_IDENTITY[sdk=iphoneos*]" = "iPhone Developer";
				COPY_PHASE_STRIP = NO;
				DEBUG_INFORMATION_FORMAT = "dwarf-with-dsym";
				ENABLE_NS_ASSERTIONS = NO;
				ENABLE_STRICT_OBJC_MSGSEND = YES;
				GCC_C_LANGUAGE_STANDARD = gnu99;
				GCC_NO_COMMON_BLOCKS = YES;
				GCC_WARN_64_TO_32_BIT_CONVERSION = YES;
				GCC_WARN_ABOUT_RETURN_TYPE = YES_ERROR;
				GCC_WARN_UNDECLARED_SELECTOR = YES;
				GCC_WARN_UNINITIALIZED_AUTOS = YES_AGGRESSIVE;
				GCC_WARN_UNUSED_FUNCTION = YES;
				GCC_WARN_UNUSED_VARIABLE = YES;
				IPHONEOS_DEPLOYMENT_TARGET = 10.2;
				MTL_ENABLE_DEBUG_INFO = NO;
				SDKROOT = iphoneos;
				SWIFT_OPTIMIZATION_LEVEL = "-Owholemodule";
				VALIDATE_PRODUCT = YES;
			};
			name = Release;
		};
		78CAB9711E33B39B0087F530 /* Debug */ = {
			isa = XCBuildConfiguration;
			baseConfigurationReference = 302A85DBEE73E8ECF1F58131 /* Pods-TravelApp.debug.xcconfig */;
			buildSettings = {
				ASSETCATALOG_COMPILER_APPICON_NAME = AppIcon;
				DEVELOPMENT_TEAM = QQ7G2P38XY;
				INFOPLIST_FILE = TravelApp/Info.plist;
				LD_RUNPATH_SEARCH_PATHS = "$(inherited) @executable_path/Frameworks";
				PRODUCT_BUNDLE_IDENTIFIER = aviabird.TravelApp;
				PRODUCT_NAME = "$(TARGET_NAME)";
				SWIFT_VERSION = 3.0;
			};
			name = Debug;
		};
		78CAB9721E33B39B0087F530 /* Release */ = {
			isa = XCBuildConfiguration;
			baseConfigurationReference = FCCABEDC220368A6B7E6FBB9 /* Pods-TravelApp.release.xcconfig */;
			buildSettings = {
				ASSETCATALOG_COMPILER_APPICON_NAME = AppIcon;
				DEVELOPMENT_TEAM = QQ7G2P38XY;
				INFOPLIST_FILE = TravelApp/Info.plist;
				LD_RUNPATH_SEARCH_PATHS = "$(inherited) @executable_path/Frameworks";
				PRODUCT_BUNDLE_IDENTIFIER = aviabird.TravelApp;
				PRODUCT_NAME = "$(TARGET_NAME)";
				SWIFT_VERSION = 3.0;
			};
			name = Release;
		};
		78CAB9741E33B39B0087F530 /* Debug */ = {
			isa = XCBuildConfiguration;
			baseConfigurationReference = BE1D77A28EE3CC48998822AC /* Pods-TravelAppTests.debug.xcconfig */;
			buildSettings = {
				ALWAYS_EMBED_SWIFT_STANDARD_LIBRARIES = YES;
				BUNDLE_LOADER = "$(TEST_HOST)";
				INFOPLIST_FILE = TravelAppTests/Info.plist;
				LD_RUNPATH_SEARCH_PATHS = "$(inherited) @executable_path/Frameworks @loader_path/Frameworks";
				PRODUCT_BUNDLE_IDENTIFIER = aviabird.TravelAppTests;
				PRODUCT_NAME = "$(TARGET_NAME)";
				SWIFT_VERSION = 3.0;
				TEST_HOST = "$(BUILT_PRODUCTS_DIR)/TravelApp.app/TravelApp";
			};
			name = Debug;
		};
		78CAB9751E33B39B0087F530 /* Release */ = {
			isa = XCBuildConfiguration;
			baseConfigurationReference = 90C2D25E7B38CBE630322CB8 /* Pods-TravelAppTests.release.xcconfig */;
			buildSettings = {
				ALWAYS_EMBED_SWIFT_STANDARD_LIBRARIES = YES;
				BUNDLE_LOADER = "$(TEST_HOST)";
				INFOPLIST_FILE = TravelAppTests/Info.plist;
				LD_RUNPATH_SEARCH_PATHS = "$(inherited) @executable_path/Frameworks @loader_path/Frameworks";
				PRODUCT_BUNDLE_IDENTIFIER = aviabird.TravelAppTests;
				PRODUCT_NAME = "$(TARGET_NAME)";
				SWIFT_VERSION = 3.0;
				TEST_HOST = "$(BUILT_PRODUCTS_DIR)/TravelApp.app/TravelApp";
			};
			name = Release;
		};
		78CAB9771E33B39B0087F530 /* Debug */ = {
			isa = XCBuildConfiguration;
			baseConfigurationReference = 1B80C3AE76B258906C321694 /* Pods-TravelAppUITests.debug.xcconfig */;
			buildSettings = {
				ALWAYS_EMBED_SWIFT_STANDARD_LIBRARIES = YES;
				INFOPLIST_FILE = TravelAppUITests/Info.plist;
				LD_RUNPATH_SEARCH_PATHS = "$(inherited) @executable_path/Frameworks @loader_path/Frameworks";
				PRODUCT_BUNDLE_IDENTIFIER = aviabird.TravelAppUITests;
				PRODUCT_NAME = "$(TARGET_NAME)";
				SWIFT_VERSION = 3.0;
				TEST_TARGET_NAME = TravelApp;
			};
			name = Debug;
		};
		78CAB9781E33B39B0087F530 /* Release */ = {
			isa = XCBuildConfiguration;
			baseConfigurationReference = 31D35C0121E4AF735AA6A642 /* Pods-TravelAppUITests.release.xcconfig */;
			buildSettings = {
				ALWAYS_EMBED_SWIFT_STANDARD_LIBRARIES = YES;
				INFOPLIST_FILE = TravelAppUITests/Info.plist;
				LD_RUNPATH_SEARCH_PATHS = "$(inherited) @executable_path/Frameworks @loader_path/Frameworks";
				PRODUCT_BUNDLE_IDENTIFIER = aviabird.TravelAppUITests;
				PRODUCT_NAME = "$(TARGET_NAME)";
				SWIFT_VERSION = 3.0;
				TEST_TARGET_NAME = TravelApp;
			};
			name = Release;
		};
/* End XCBuildConfiguration section */

/* Begin XCConfigurationList section */
		78CAB9431E33B39A0087F530 /* Build configuration list for PBXProject "TravelApp" */ = {
			isa = XCConfigurationList;
			buildConfigurations = (
				78CAB96E1E33B39B0087F530 /* Debug */,
				78CAB96F1E33B39B0087F530 /* Release */,
			);
			defaultConfigurationIsVisible = 0;
			defaultConfigurationName = Release;
		};
		78CAB9701E33B39B0087F530 /* Build configuration list for PBXNativeTarget "TravelApp" */ = {
			isa = XCConfigurationList;
			buildConfigurations = (
				78CAB9711E33B39B0087F530 /* Debug */,
				78CAB9721E33B39B0087F530 /* Release */,
			);
			defaultConfigurationIsVisible = 0;
			defaultConfigurationName = Release;
		};
		78CAB9731E33B39B0087F530 /* Build configuration list for PBXNativeTarget "TravelAppTests" */ = {
			isa = XCConfigurationList;
			buildConfigurations = (
				78CAB9741E33B39B0087F530 /* Debug */,
				78CAB9751E33B39B0087F530 /* Release */,
			);
			defaultConfigurationIsVisible = 0;
			defaultConfigurationName = Release;
		};
		78CAB9761E33B39B0087F530 /* Build configuration list for PBXNativeTarget "TravelAppUITests" */ = {
			isa = XCConfigurationList;
			buildConfigurations = (
				78CAB9771E33B39B0087F530 /* Debug */,
				78CAB9781E33B39B0087F530 /* Release */,
			);
			defaultConfigurationIsVisible = 0;
			defaultConfigurationName = Release;
		};
/* End XCConfigurationList section */
	};
	rootObject = 78CAB9401E33B39A0087F530 /* Project object */;
}
